
Microsoft Visual Studio Solution File, Format Version 12.00
# Visual Studio Version 17
VisualStudioVersion = 17.7.34031.279
MinimumVisualStudioVersion = 10.0.40219.1
Project("{8BC9CEB8-8B4A-11D0-8D11-00A0C91BC942}") = "Labo1_GeneratieSineWave", "..\Labo1\LAB1.1\LAB1.1\LAB1.1.vcxproj", "{3307B733-5279-4DC8-ACA4-4010087D7E66}"
EndProject
Project("{8BC9CEB8-8B4A-11D0-8D11-00A0C91BC942}") = "Labo2_Convolutie", "..\Labo2\Labo2\Labo2\Labo2.vcxproj", "{DA5FA9A7-1064-4D37-9D4F-EDFC8F1370FB}"
EndProject
Project("{8BC9CEB8-8B4A-11D0-8D11-00A0C91BC942}") = "Labo2_2DConvolutie", "..\Labo3\Labo3\Labo3.vcxproj", "{E704B586-FFBB-417A-967A-F7AEB66EF0BE}"
EndProject
Project("{8BC9CEB8-8B4A-11D0-8D11-00A0C91BC942}") = "Labo2_blockconv", "Labo3_blockconv\Labo3_blockconv.vcxproj", "{7C069775-B064-465A-990A-CA3EFE8E4FCA}"
EndProject
Project("{8BC9CEB8-8B4A-11D0-8D11-00A0C91BC942}") = "Labo3_DFT", "Labo4_DFT\Labo4_DFT.vcxproj", "{40B1E9B3-F291-453E-90BA-7F1A4D585A13}"
EndProject
Project("{8BC9CEB8-8B4A-11D0-8D11-00A0C91BC942}") = "Labo4_2_3", "Labo4_2_3\Labo4_2_3.vcxproj", "{B210A1EC-DAEA-43C2-A632-8BB7E5F3E771}"
EndProject
Project("{8BC9CEB8-8B4A-11D0-8D11-00A0C91BC942}") = "WVR_C_BRO", "WVR_C_BRO\WVR_C_BRO.vcxproj", "{E21BE040-F9F1-4CF6-A047-3576334A8568}"
EndProject
Project("{8BC9CEB8-8B4A-11D0-8D11-00A0C91BC942}") = "Labo4_windowing_zero_padding", "Labo4\Labo4.vcxproj", "{258940ED-01C4-4792-9F2E-EF321AE461D9}"
EndProject
Project("{8BC9CEB8-8B4A-11D0-8D11-00A0C91BC942}") = "Labo4_ass4", "LABO4_ass4\LABO4_ass4.vcxproj", "{BBA068C9-C76C-4289-852A-46FE3B0A39BE}"
EndProject
Project("{2150E333-8FDC-42A3-9474-1A3956D46DE8}") = "Labo1", "Labo1", "{0FEB4C35-DB0E-4572-BAF3-B087CB8B11C5}"
EndProject
Project("{2150E333-8FDC-42A3-9474-1A3956D46DE8}") = "Labo2", "Labo2", "{58E7F874-904D-41FD-B25E-12F3601797E8}"
EndProject
Project("{2150E333-8FDC-42A3-9474-1A3956D46DE8}") = "LAbo3", "LAbo3", "{EF2DFAF0-9088-470E-8470-F20EA922E67C}"
EndProject
Project("{2150E333-8FDC-42A3-9474-1A3956D46DE8}") = "Labo4", "Labo4", "{560B1ED9-469A-477F-9410-AD40570B45D9}"
EndProject
Project("{2150E333-8FDC-42A3-9474-1A3956D46DE8}") = "Labo5", "Labo5", "{C9DE5FE6-0CA9-468A-8352-C1D500C113FF}"
EndProject
Project("{8BC9CEB8-8B4A-11D0-8D11-00A0C91BC942}") = "Labo5_IDFT", "Labo5\Labo5.vcxproj", "{BCAF16CF-CEDB-4981-A321-AF63AC1F50A4}"
EndProject
Global
	GlobalSection(SolutionConfigurationPlatforms) = preSolution
		Debug|x64 = Debug|x64
		Debug|x86 = Debug|x86
		Release|x64 = Release|x64
		Release|x86 = Release|x86
	EndGlobalSection
	GlobalSection(ProjectConfigurationPlatforms) = postSolution
		{3307B733-5279-4DC8-ACA4-4010087D7E66}.Debug|x64.ActiveCfg = Debug|x64
		{3307B733-5279-4DC8-ACA4-4010087D7E66}.Debug|x64.Build.0 = Debug|x64
		{3307B733-5279-4DC8-ACA4-4010087D7E66}.Debug|x86.ActiveCfg = Debug|Win32
		{3307B733-5279-4DC8-ACA4-4010087D7E66}.Debug|x86.Build.0 = Debug|Win32
		{3307B733-5279-4DC8-ACA4-4010087D7E66}.Release|x64.ActiveCfg = Release|x64
		{3307B733-5279-4DC8-ACA4-4010087D7E66}.Release|x64.Build.0 = Release|x64
		{3307B733-5279-4DC8-ACA4-4010087D7E66}.Release|x86.ActiveCfg = Release|Win32
		{3307B733-5279-4DC8-ACA4-4010087D7E66}.Release|x86.Build.0 = Release|Win32
		{DA5FA9A7-1064-4D37-9D4F-EDFC8F1370FB}.Debug|x64.ActiveCfg = Debug|x64
		{DA5FA9A7-1064-4D37-9D4F-EDFC8F1370FB}.Debug|x64.Build.0 = Debug|x64
		{DA5FA9A7-1064-4D37-9D4F-EDFC8F1370FB}.Debug|x86.ActiveCfg = Debug|Win32
		{DA5FA9A7-1064-4D37-9D4F-EDFC8F1370FB}.Debug|x86.Build.0 = Debug|Win32
		{DA5FA9A7-1064-4D37-9D4F-EDFC8F1370FB}.Release|x64.ActiveCfg = Release|x64
		{DA5FA9A7-1064-4D37-9D4F-EDFC8F1370FB}.Release|x64.Build.0 = Release|x64
		{DA5FA9A7-1064-4D37-9D4F-EDFC8F1370FB}.Release|x86.ActiveCfg = Release|Win32
		{DA5FA9A7-1064-4D37-9D4F-EDFC8F1370FB}.Release|x86.Build.0 = Release|Win32
		{E704B586-FFBB-417A-967A-F7AEB66EF0BE}.Debug|x64.ActiveCfg = Debug|x64
		{E704B586-FFBB-417A-967A-F7AEB66EF0BE}.Debug|x64.Build.0 = Debug|x64
		{E704B586-FFBB-417A-967A-F7AEB66EF0BE}.Debug|x86.ActiveCfg = Debug|Win32
		{E704B586-FFBB-417A-967A-F7AEB66EF0BE}.Debug|x86.Build.0 = Debug|Win32
		{E704B586-FFBB-417A-967A-F7AEB66EF0BE}.Release|x64.ActiveCfg = Release|x64
		{E704B586-FFBB-417A-967A-F7AEB66EF0BE}.Release|x64.Build.0 = Release|x64
		{E704B586-FFBB-417A-967A-F7AEB66EF0BE}.Release|x86.ActiveCfg = Release|Win32
		{E704B586-FFBB-417A-967A-F7AEB66EF0BE}.Release|x86.Build.0 = Release|Win32
		{7C069775-B064-465A-990A-CA3EFE8E4FCA}.Debug|x64.ActiveCfg = Debug|x64
		{7C069775-B064-465A-990A-CA3EFE8E4FCA}.Debug|x64.Build.0 = Debug|x64
		{7C069775-B064-465A-990A-CA3EFE8E4FCA}.Debug|x86.ActiveCfg = Debug|Win32
		{7C069775-B064-465A-990A-CA3EFE8E4FCA}.Debug|x86.Build.0 = Debug|Win32
		{7C069775-B064-465A-990A-CA3EFE8E4FCA}.Release|x64.ActiveCfg = Release|x64
		{7C069775-B064-465A-990A-CA3EFE8E4FCA}.Release|x64.Build.0 = Release|x64
		{7C069775-B064-465A-990A-CA3EFE8E4FCA}.Release|x86.ActiveCfg = Release|Win32
		{7C069775-B064-465A-990A-CA3EFE8E4FCA}.Release|x86.Build.0 = Release|Win32
		{40B1E9B3-F291-453E-90BA-7F1A4D585A13}.Debug|x64.ActiveCfg = Debug|x64
		{40B1E9B3-F291-453E-90BA-7F1A4D585A13}.Debug|x64.Build.0 = Debug|x64
		{40B1E9B3-F291-453E-90BA-7F1A4D585A13}.Debug|x86.ActiveCfg = Debug|Win32
		{40B1E9B3-F291-453E-90BA-7F1A4D585A13}.Debug|x86.Build.0 = Debug|Win32
		{40B1E9B3-F291-453E-90BA-7F1A4D585A13}.Release|x64.ActiveCfg = Release|x64
		{40B1E9B3-F291-453E-90BA-7F1A4D585A13}.Release|x64.Build.0 = Release|x64
		{40B1E9B3-F291-453E-90BA-7F1A4D585A13}.Release|x86.ActiveCfg = Release|Win32
		{40B1E9B3-F291-453E-90BA-7F1A4D585A13}.Release|x86.Build.0 = Release|Win32
		{B210A1EC-DAEA-43C2-A632-8BB7E5F3E771}.Debug|x64.ActiveCfg = Debug|x64
		{B210A1EC-DAEA-43C2-A632-8BB7E5F3E771}.Debug|x64.Build.0 = Debug|x64
		{B210A1EC-DAEA-43C2-A632-8BB7E5F3E771}.Debug|x86.ActiveCfg = Debug|Win32
		{B210A1EC-DAEA-43C2-A632-8BB7E5F3E771}.Debug|x86.Build.0 = Debug|Win32
		{B210A1EC-DAEA-43C2-A632-8BB7E5F3E771}.Release|x64.ActiveCfg = Release|x64
		{B210A1EC-DAEA-43C2-A632-8BB7E5F3E771}.Release|x64.Build.0 = Release|x64
		{B210A1EC-DAEA-43C2-A632-8BB7E5F3E771}.Release|x86.ActiveCfg = Release|Win32
		{B210A1EC-DAEA-43C2-A632-8BB7E5F3E771}.Release|x86.Build.0 = Release|Win32
		{E21BE040-F9F1-4CF6-A047-3576334A8568}.Debug|x64.ActiveCfg = Debug|x64
		{E21BE040-F9F1-4CF6-A047-3576334A8568}.Debug|x64.Build.0 = Debug|x64
		{E21BE040-F9F1-4CF6-A047-3576334A8568}.Debug|x86.ActiveCfg = Debug|Win32
		{E21BE040-F9F1-4CF6-A047-3576334A8568}.Debug|x86.Build.0 = Debug|Win32
		{E21BE040-F9F1-4CF6-A047-3576334A8568}.Release|x64.ActiveCfg = Release|x64
		{E21BE040-F9F1-4CF6-A047-3576334A8568}.Release|x64.Build.0 = Release|x64
		{E21BE040-F9F1-4CF6-A047-3576334A8568}.Release|x86.ActiveCfg = Release|Win32
		{E21BE040-F9F1-4CF6-A047-3576334A8568}.Release|x86.Build.0 = Release|Win32
		{258940ED-01C4-4792-9F2E-EF321AE461D9}.Debug|x64.ActiveCfg = Debug|x64
		{258940ED-01C4-4792-9F2E-EF321AE461D9}.Debug|x64.Build.0 = Debug|x64
		{258940ED-01C4-4792-9F2E-EF321AE461D9}.Debug|x86.ActiveCfg = Debug|Win32
		{258940ED-01C4-4792-9F2E-EF321AE461D9}.Debug|x86.Build.0 = Debug|Win32
		{258940ED-01C4-4792-9F2E-EF321AE461D9}.Release|x64.ActiveCfg = Release|x64
		{258940ED-01C4-4792-9F2E-EF321AE461D9}.Release|x64.Build.0 = Release|x64
		{258940ED-01C4-4792-9F2E-EF321AE461D9}.Release|x86.ActiveCfg = Release|Win32
		{258940ED-01C4-4792-9F2E-EF321AE461D9}.Release|x86.Build.0 = Release|Win32
		{BBA068C9-C76C-4289-852A-46FE3B0A39BE}.Debug|x64.ActiveCfg = Debug|x64
		{BBA068C9-C76C-4289-852A-46FE3B0A39BE}.Debug|x64.Build.0 = Debug|x64
		{BBA068C9-C76C-4289-852A-46FE3B0A39BE}.Debug|x86.ActiveCfg = Debug|Win32
		{BBA068C9-C76C-4289-852A-46FE3B0A39BE}.Debug|x86.Build.0 = Debug|Win32
		{BBA068C9-C76C-4289-852A-46FE3B0A39BE}.Release|x64.ActiveCfg = Release|x64
		{BBA068C9-C76C-4289-852A-46FE3B0A39BE}.Release|x64.Build.0 = Release|x64
		{BBA068C9-C76C-4289-852A-46FE3B0A39BE}.Release|x86.ActiveCfg = Release|Win32
		{BBA068C9-C76C-4289-852A-46FE3B0A39BE}.Release|x86.Build.0 = Release|Win32
		{BCAF16CF-CEDB-4981-A321-AF63AC1F50A4}.Debug|x64.ActiveCfg = Debug|x64
		{BCAF16CF-CEDB-4981-A321-AF63AC1F50A4}.Debug|x64.Build.0 = Debug|x64
		{BCAF16CF-CEDB-4981-A321-AF63AC1F50A4}.Debug|x86.ActiveCfg = Debug|Win32
		{BCAF16CF-CEDB-4981-A321-AF63AC1F50A4}.Debug|x86.Build.0 = Debug|Win32
		{BCAF16CF-CEDB-4981-A321-AF63AC1F50A4}.Release|x64.ActiveCfg = Release|x64
		{BCAF16CF-CEDB-4981-A321-AF63AC1F50A4}.Release|x64.Build.0 = Release|x64
		{BCAF16CF-CEDB-4981-A321-AF63AC1F50A4}.Release|x86.ActiveCfg = Release|Win32
		{BCAF16CF-CEDB-4981-A321-AF63AC1F50A4}.Release|x86.Build.0 = Release|Win32
	EndGlobalSection
	GlobalSection(SolutionProperties) = preSolution
		HideSolutionNode = FALSE
	EndGlobalSection
	GlobalSection(NestedProjects) = preSolution
		{3307B733-5279-4DC8-ACA4-4010087D7E66} = {0FEB4C35-DB0E-4572-BAF3-B087CB8B11C5}
		{DA5FA9A7-1064-4D37-9D4F-EDFC8F1370FB} = {58E7F874-904D-41FD-B25E-12F3601797E8}
		{E704B586-FFBB-417A-967A-F7AEB66EF0BE} = {58E7F874-904D-41FD-B25E-12F3601797E8}
		{7C069775-B064-465A-990A-CA3EFE8E4FCA} = {58E7F874-904D-41FD-B25E-12F3601797E8}
		{40B1E9B3-F291-453E-90BA-7F1A4D585A13} = {EF2DFAF0-9088-470E-8470-F20EA922E67C}
		{B210A1EC-DAEA-43C2-A632-8BB7E5F3E771} = {560B1ED9-469A-477F-9410-AD40570B45D9}
		{258940ED-01C4-4792-9F2E-EF321AE461D9} = {560B1ED9-469A-477F-9410-AD40570B45D9}
		{BBA068C9-C76C-4289-852A-46FE3B0A39BE} = {560B1ED9-469A-477F-9410-AD40570B45D9}
		{BCAF16CF-CEDB-4981-A321-AF63AC1F50A4} = {C9DE5FE6-0CA9-468A-8352-C1D500C113FF}
	EndGlobalSection
	GlobalSection(ExtensibilityGlobals) = postSolution
		SolutionGuid = {B48BEF24-DA44-4487-9135-8213A43A0CFA}
	EndGlobalSection
EndGlobal
